
Microsoft Visual Studio Solution File, Format Version 12.00
# Visual Studio Version 17
VisualStudioVersion = 17.7.34031.279
MinimumVisualStudioVersion = 10.0.40219.1
Project("{2150E333-8FDC-42A3-9474-1A3956D46DE8}") = "Task0", "Task0", "{E8BB53D6-1D36-41CD-A8C0-4859700D6C71}"
EndProject
Project("{FAE04EC0-301F-11D3-BF4B-00C04F79EFBC}") = "Tyuiu.SmirnovMN.SprintTest.V0", "Tyuiu.SmirnovMN.SprintTest.V0\Tyuiu.SmirnovMN.SprintTest.V0.csproj", "{CD25D490-A7D5-48F9-9CFC-641C2C44F872}"
EndProject
Project("{FAE04EC0-301F-11D3-BF4B-00C04F79EFBC}") = "Tyuiu.SmirnovMN.SprintTest.V0.Lib", "Tyuiu.SmirnovMN.SprintTest.V0.Lib\Tyuiu.SmirnovMN.SprintTest.V0.Lib.csproj", "{F5E2B15F-FB1D-43DA-9EA4-8015F14642AA}"
EndProject
Project("{FAE04EC0-301F-11D3-BF4B-00C04F79EFBC}") = "Tyuiu.SmirnovMN.SprintTest.V0.Test", "Tyuiu.SmirnovMN.SprintTest.V0.Test\Tyuiu.SmirnovMN.SprintTest.V0.Test.csproj", "{C985BF4A-53FC-4D54-B230-71494C472A66}"
EndProject
Global
	GlobalSection(SolutionConfigurationPlatforms) = preSolution
		Debug|Any CPU = Debug|Any CPU
		Release|Any CPU = Release|Any CPU
	EndGlobalSection
	GlobalSection(ProjectConfigurationPlatforms) = postSolution
		{CD25D490-A7D5-48F9-9CFC-641C2C44F872}.Debug|Any CPU.ActiveCfg = Debug|Any CPU
		{CD25D490-A7D5-48F9-9CFC-641C2C44F872}.Debug|Any CPU.Build.0 = Debug|Any CPU
		{CD25D490-A7D5-48F9-9CFC-641C2C44F872}.Release|Any CPU.ActiveCfg = Release|Any CPU
		{CD25D490-A7D5-48F9-9CFC-641C2C44F872}.Release|Any CPU.Build.0 = Release|Any CPU
		{F5E2B15F-FB1D-43DA-9EA4-8015F14642AA}.Debug|Any CPU.ActiveCfg = Debug|Any CPU
		{F5E2B15F-FB1D-43DA-9EA4-8015F14642AA}.Debug|Any CPU.Build.0 = Debug|Any CPU
		{F5E2B15F-FB1D-43DA-9EA4-8015F14642AA}.Release|Any CPU.ActiveCfg = Release|Any CPU
		{F5E2B15F-FB1D-43DA-9EA4-8015F14642AA}.Release|Any CPU.Build.0 = Release|Any CPU
		{C985BF4A-53FC-4D54-B230-71494C472A66}.Debug|Any CPU.ActiveCfg = Debug|Any CPU
		{C985BF4A-53FC-4D54-B230-71494C472A66}.Debug|Any CPU.Build.0 = Debug|Any CPU
		{C985BF4A-53FC-4D54-B230-71494C472A66}.Release|Any CPU.ActiveCfg = Release|Any CPU
		{C985BF4A-53FC-4D54-B230-71494C472A66}.Release|Any CPU.Build.0 = Release|Any CPU
	EndGlobalSection
	GlobalSection(SolutionProperties) = preSolution
		HideSolutionNode = FALSE
	EndGlobalSection
	GlobalSection(NestedProjects) = preSolution
		{CD25D490-A7D5-48F9-9CFC-641C2C44F872} = {E8BB53D6-1D36-41CD-A8C0-4859700D6C71}
		{F5E2B15F-FB1D-43DA-9EA4-8015F14642AA} = {E8BB53D6-1D36-41CD-A8C0-4859700D6C71}
		{C985BF4A-53FC-4D54-B230-71494C472A66} = {E8BB53D6-1D36-41CD-A8C0-4859700D6C71}
	EndGlobalSection
	GlobalSection(ExtensibilityGlobals) = postSolution
		SolutionGuid = {A6A533BF-3ECE-4FBB-887A-8E0CA233B0F6}
	EndGlobalSection
EndGlobal
